
Microsoft Visual Studio Solution File, Format Version 12.00
# Visual Studio Version 16
VisualStudioVersion = 16.0.31205.176
MinimumVisualStudioVersion = 10.0.40219.1
Project("{FAE04EC0-301F-11D3-BF4B-00C04F79EFBC}") = "WebApplication1", "WebApplication1\WebApplication1.csproj", "{DF77DBB1-90C2-449E-A336-3A306401E00D}"
EndProject
Global
	GlobalSection(SolutionConfigurationPlatforms) = preSolution
		Debug|Any CPU = Debug|Any CPU
		Release|Any CPU = Release|Any CPU
	EndGlobalSection
	GlobalSection(ProjectConfigurationPlatforms) = postSolution
		{DF77DBB1-90C2-449E-A336-3A306401E00D}.Debug|Any CPU.ActiveCfg = Debug|Any CPU
		{DF77DBB1-90C2-449E-A336-3A306401E00D}.Debug|Any CPU.Build.0 = Debug|Any CPU
		{DF77DBB1-90C2-449E-A336-3A306401E00D}.Release|Any CPU.ActiveCfg = Release|Any CPU
		{DF77DBB1-90C2-449E-A336-3A306401E00D}.Release|Any CPU.Build.0 = Release|Any CPU
	EndGlobalSection
	GlobalSection(SolutionProperties) = preSolution
		HideSolutionNode = FALSE
	EndGlobalSection
	GlobalSection(ExtensibilityGlobals) = postSolution
		SolutionGuid = {00D0ADA3-94A8-4688-9564-6C8CCCFD4180}
	EndGlobalSection
EndGlobal
